// !$*UTF8*$!
{
	archiveVersion = 1;
	classes = {
	};
	objectVersion = 50;
	objects = {

/* Begin PBXBuildFile section */
		F557E6912092181A004ECBD8 /* AppDelegate.swift in Sources */ = {isa = PBXBuildFile; fileRef = F557E6902092181A004ECBD8 /* AppDelegate.swift */; };
		F557E6932092181A004ECBD8 /* SFViewViewController.swift in Sources */ = {isa = PBXBuildFile; fileRef = F557E6922092181A004ECBD8 /* SFViewViewController.swift */; };
		F557E6962092181A004ECBD8 /* Main.storyboard in Resources */ = {isa = PBXBuildFile; fileRef = F557E6942092181A004ECBD8 /* Main.storyboard */; };
		F557E6982092181D004ECBD8 /* Assets.xcassets in Resources */ = {isa = PBXBuildFile; fileRef = F557E6972092181D004ECBD8 /* Assets.xcassets */; };
		F557E69B2092181D004ECBD8 /* LaunchScreen.storyboard in Resources */ = {isa = PBXBuildFile; fileRef = F557E6992092181D004ECBD8 /* LaunchScreen.storyboard */; };
		F557E6A720921869004ECBD8 /* SFView.swift in Sources */ = {isa = PBXBuildFile; fileRef = F557E6A220921869004ECBD8 /* SFView.swift */; };
		F557E6A820921869004ECBD8 /* SFButton.swift in Sources */ = {isa = PBXBuildFile; fileRef = F557E6A320921869004ECBD8 /* SFButton.swift */; };
		F557E6A920921869004ECBD8 /* SFLabel.swift in Sources */ = {isa = PBXBuildFile; fileRef = F557E6A420921869004ECBD8 /* SFLabel.swift */; };
		F557E6AA20921869004ECBD8 /* SFImageView.swift in Sources */ = {isa = PBXBuildFile; fileRef = F557E6A520921869004ECBD8 /* SFImageView.swift */; };
		F557E6AB20921869004ECBD8 /* SFTextField.swift in Sources */ = {isa = PBXBuildFile; fileRef = F557E6A620921869004ECBD8 /* SFTextField.swift */; };
		F58F7B9220B22F3C00F28F4D /* SFTextFieldViewController.swift in Sources */ = {isa = PBXBuildFile; fileRef = F58F7B9120B22F3C00F28F4D /* SFTextFieldViewController.swift */; };
/* End PBXBuildFile section */

/* Begin PBXFileReference section */
		F557E68D2092181A004ECBD8 /* sfdesignables.app */ = {isa = PBXFileReference; explicitFileType = wrapper.application; includeInIndex = 0; path = sfdesignables.app; sourceTree = BUILT_PRODUCTS_DIR; };
		F557E6902092181A004ECBD8 /* AppDelegate.swift */ = {isa = PBXFileReference; lastKnownFileType = sourcecode.swift; path = AppDelegate.swift; sourceTree = "<group>"; };
		F557E6922092181A004ECBD8 /* SFViewViewController.swift */ = {isa = PBXFileReference; lastKnownFileType = sourcecode.swift; path = SFViewViewController.swift; sourceTree = "<group>"; };
		F557E6952092181A004ECBD8 /* Base */ = {isa = PBXFileReference; lastKnownFileType = file.storyboard; name = Base; path = Base.lproj/Main.storyboard; sourceTree = "<group>"; };
		F557E6972092181D004ECBD8 /* Assets.xcassets */ = {isa = PBXFileReference; lastKnownFileType = folder.assetcatalog; path = Assets.xcassets; sourceTree = "<group>"; };
		F557E69A2092181D004ECBD8 /* Base */ = {isa = PBXFileReference; lastKnownFileType = file.storyboard; name = Base; path = Base.lproj/LaunchScreen.storyboard; sourceTree = "<group>"; };
		F557E69C2092181D004ECBD8 /* Info.plist */ = {isa = PBXFileReference; lastKnownFileType = text.plist.xml; path = Info.plist; sourceTree = "<group>"; };
		F557E6A220921869004ECBD8 /* SFView.swift */ = {isa = PBXFileReference; fileEncoding = 4; lastKnownFileType = sourcecode.swift; path = SFView.swift; sourceTree = "<group>"; };
		F557E6A320921869004ECBD8 /* SFButton.swift */ = {isa = PBXFileReference; fileEncoding = 4; lastKnownFileType = sourcecode.swift; path = SFButton.swift; sourceTree = "<group>"; };
		F557E6A420921869004ECBD8 /* SFLabel.swift */ = {isa = PBXFileReference; fileEncoding = 4; lastKnownFileType = sourcecode.swift; path = SFLabel.swift; sourceTree = "<group>"; };
		F557E6A520921869004ECBD8 /* SFImageView.swift */ = {isa = PBXFileReference; fileEncoding = 4; lastKnownFileType = sourcecode.swift; path = SFImageView.swift; sourceTree = "<group>"; };
		F557E6A620921869004ECBD8 /* SFTextField.swift */ = {isa = PBXFileReference; fileEncoding = 4; lastKnownFileType = sourcecode.swift; path = SFTextField.swift; sourceTree = "<group>"; };
		F58F7B9120B22F3C00F28F4D /* SFTextFieldViewController.swift */ = {isa = PBXFileReference; lastKnownFileType = sourcecode.swift; path = SFTextFieldViewController.swift; sourceTree = "<group>"; };
/* End PBXFileReference section */

/* Begin PBXFrameworksBuildPhase section */
		F557E68A2092181A004ECBD8 /* Frameworks */ = {
			isa = PBXFrameworksBuildPhase;
			buildActionMask = 2147483647;
			files = (
			);
			runOnlyForDeploymentPostprocessing = 0;
		};
/* End PBXFrameworksBuildPhase section */

/* Begin PBXGroup section */
		F557E6842092181A004ECBD8 = {
			isa = PBXGroup;
			children = (
				F557E68F2092181A004ECBD8 /* sfdesignables */,
				F557E68E2092181A004ECBD8 /* Products */,
			);
			sourceTree = "<group>";
		};
		F557E68E2092181A004ECBD8 /* Products */ = {
			isa = PBXGroup;
			children = (
				F557E68D2092181A004ECBD8 /* sfdesignables.app */,
			);
			name = Products;
			sourceTree = "<group>";
		};
		F557E68F2092181A004ECBD8 /* sfdesignables */ = {
			isa = PBXGroup;
			children = (
				F582D4E3209BC2CC00FE6B7D /* Source */,
				F557E6902092181A004ECBD8 /* AppDelegate.swift */,
				F557E6922092181A004ECBD8 /* SFViewViewController.swift */,
				F58F7B9120B22F3C00F28F4D /* SFTextFieldViewController.swift */,
				F557E6942092181A004ECBD8 /* Main.storyboard */,
				F557E6972092181D004ECBD8 /* Assets.xcassets */,
				F557E6992092181D004ECBD8 /* LaunchScreen.storyboard */,
				F557E69C2092181D004ECBD8 /* Info.plist */,
			);
			path = sfdesignables;
			sourceTree = "<group>";
		};
		F582D4E3209BC2CC00FE6B7D /* Source */ = {
			isa = PBXGroup;
			children = (
				F557E6A320921869004ECBD8 /* SFButton.swift */,
				F557E6A520921869004ECBD8 /* SFImageView.swift */,
				F557E6A420921869004ECBD8 /* SFLabel.swift */,
				F557E6A620921869004ECBD8 /* SFTextField.swift */,
				F557E6A220921869004ECBD8 /* SFView.swift */,
			);
			path = Source;
			sourceTree = "<group>";
		};
/* End PBXGroup section */

/* Begin PBXNativeTarget section */
		F557E68C2092181A004ECBD8 /* sfdesignables */ = {
			isa = PBXNativeTarget;
			buildConfigurationList = F557E69F2092181D004ECBD8 /* Build configuration list for PBXNativeTarget "sfdesignables" */;
			buildPhases = (
				F557E6892092181A004ECBD8 /* Sources */,
				F557E68A2092181A004ECBD8 /* Frameworks */,
				F557E68B2092181A004ECBD8 /* Resources */,
			);
			buildRules = (
			);
			dependencies = (
			);
			name = sfdesignables;
			productName = sfdesignables;
			productReference = F557E68D2092181A004ECBD8 /* sfdesignables.app */;
			productType = "com.apple.product-type.application";
		};
/* End PBXNativeTarget section */

/* Begin PBXProject section */
		F557E6852092181A004ECBD8 /* Project object */ = {
			isa = PBXProject;
			attributes = {
				LastSwiftUpdateCheck = 0930;
				LastUpgradeCheck = 0930;
				ORGANIZATIONNAME = sudofluff;
				TargetAttributes = {
					F557E68C2092181A004ECBD8 = {
						CreatedOnToolsVersion = 9.3;
					};
				};
			};
			buildConfigurationList = F557E6882092181A004ECBD8 /* Build configuration list for PBXProject "sfdesignables" */;
			compatibilityVersion = "Xcode 9.3";
			developmentRegion = en;
			hasScannedForEncodings = 0;
			knownRegions = (
				en,
				Base,
			);
			mainGroup = F557E6842092181A004ECBD8;
			productRefGroup = F557E68E2092181A004ECBD8 /* Products */;
			projectDirPath = "";
			projectRoot = "";
			targets = (
				F557E68C2092181A004ECBD8 /* sfdesignables */,
			);
		};
/* End PBXProject section */

/* Begin PBXResourcesBuildPhase section */
		F557E68B2092181A004ECBD8 /* Resources */ = {
			isa = PBXResourcesBuildPhase;
			buildActionMask = 2147483647;
			files = (
				F557E69B2092181D004ECBD8 /* LaunchScreen.storyboard in Resources */,
				F557E6982092181D004ECBD8 /* Assets.xcassets in Resources */,
				F557E6962092181A004ECBD8 /* Main.storyboard in Resources */,
			);
			runOnlyForDeploymentPostprocessing = 0;
		};
/* End PBXResourcesBuildPhase section */

/* Begin PBXSourcesBuildPhase section */
		F557E6892092181A004ECBD8 /* Sources */ = {
			isa = PBXSourcesBuildPhase;
			buildActionMask = 2147483647;
			files = (
				F557E6932092181A004ECBD8 /* SFViewViewController.swift in Sources */,
				F557E6AA20921869004ECBD8 /* SFImageView.swift in Sources */,
				F557E6912092181A004ECBD8 /* AppDelegate.swift in Sources */,
				F58F7B9220B22F3C00F28F4D /* SFTextFieldViewController.swift in Sources */,
				F557E6A920921869004ECBD8 /* SFLabel.swift in Sources */,
				F557E6A820921869004ECBD8 /* SFButton.swift in Sources */,
				F557E6A720921869004ECBD8 /* SFView.swift in Sources */,
				F557E6AB20921869004ECBD8 /* SFTextField.swift in Sources */,
			);
			runOnlyForDeploymentPostprocessing = 0;
		};
/* End PBXSourcesBuildPhase section */

/* Begin PBXVariantGroup section */
		F557E6942092181A004ECBD8 /* Main.storyboard */ = {
			isa = PBXVariantGroup;
			children = (
				F557E6952092181A004ECBD8 /* Base */,
			);
			name = Main.storyboard;
			sourceTree = "<group>";
		};
		F557E6992092181D004ECBD8 /* LaunchScreen.storyboard */ = {
			isa = PBXVariantGroup;
			children = (
				F557E69A2092181D004ECBD8 /* Base */,
			);
			name = LaunchScreen.storyboard;
			sourceTree = "<group>";
		};
/* End PBXVariantGroup section */

/* Begin XCBuildConfiguration section */
		F557E69D2092181D004ECBD8 /* Debug */ = {
			isa = XCBuildConfiguration;
			buildSettings = {
				ALWAYS_SEARCH_USER_PATHS = NO;
				CLANG_ANALYZER_NONNULL = YES;
				CLANG_ANALYZER_NUMBER_OBJECT_CONVERSION = YES_AGGRESSIVE;
				CLANG_CXX_LANGUAGE_STANDARD = "gnu++14";
				CLANG_CXX_LIBRARY = "libc++";
				CLANG_ENABLE_MODULES = YES;
				CLANG_ENABLE_OBJC_ARC = YES;
				CLANG_ENABLE_OBJC_WEAK = YES;
				CLANG_WARN_BLOCK_CAPTURE_AUTORELEASING = YES;
				CLANG_WARN_BOOL_CONVERSION = YES;
				CLANG_WARN_COMMA = YES;
				CLANG_WARN_CONSTANT_CONVERSION = YES;
				CLANG_WARN_DEPRECATED_OBJC_IMPLEMENTATIONS = YES;
				CLANG_WARN_DIRECT_OBJC_ISA_USAGE = YES_ERROR;
				CLANG_WARN_DOCUMENTATION_COMMENTS = YES;
				CLANG_WARN_EMPTY_BODY = YES;
				CLANG_WARN_ENUM_CONVERSION = YES;
				CLANG_WARN_INFINITE_RECURSION = YES;
				CLANG_WARN_INT_CONVERSION = YES;
				CLANG_WARN_NON_LITERAL_NULL_CONVERSION = YES;
				CLANG_WARN_OBJC_IMPLICIT_RETAIN_SELF = YES;
				CLANG_WARN_OBJC_LITERAL_CONVERSION = YES;
				CLANG_WARN_OBJC_ROOT_CLASS = YES_ERROR;
				CLANG_WARN_RANGE_LOOP_ANALYSIS = YES;
				CLANG_WARN_STRICT_PROTOTYPES = YES;
				CLANG_WARN_SUSPICIOUS_MOVE = YES;
				CLANG_WARN_UNGUARDED_AVAILABILITY = YES_AGGRESSIVE;
				CLANG_WARN_UNREACHABLE_CODE = YES;
				CLANG_WARN__DUPLICATE_METHOD_MATCH = YES;
				CODE_SIGN_IDENTITY = "iPhone Developer";
				COPY_PHASE_STRIP = NO;
				DEBUG_INFORMATION_FORMAT = dwarf;
				ENABLE_STRICT_OBJC_MSGSEND = YES;
				ENABLE_TESTABILITY = YES;
				GCC_C_LANGUAGE_STANDARD = gnu11;
				GCC_DYNAMIC_NO_PIC = NO;
				GCC_NO_COMMON_BLOCKS = YES;
				GCC_OPTIMIZATION_LEVEL = 0;
				GCC_PREPROCESSOR_DEFINITIONS = (
					"DEBUG=1",
					"$(inherited)",
				);
				GCC_WARN_64_TO_32_BIT_CONVERSION = YES;
				GCC_WARN_ABOUT_RETURN_TYPE = YES_ERROR;
				GCC_WARN_UNDECLARED_SELECTOR = YES;
				GCC_WARN_UNINITIALIZED_AUTOS = YES_AGGRESSIVE;
				GCC_WARN_UNUSED_FUNCTION = YES;
				GCC_WARN_UNUSED_VARIABLE = YES;
				IPHONEOS_DEPLOYMENT_TARGET = 11.3;
				MTL_ENABLE_DEBUG_INFO = YES;
				ONLY_ACTIVE_ARCH = YES;
				SDKROOT = iphoneos;
				SWIFT_ACTIVE_COMPILATION_CONDITIONS = DEBUG;
				SWIFT_OPTIMIZATION_LEVEL = "-Onone";
			};
			name = Debug;
		};
		F557E69E2092181D004ECBD8 /* Release */ = {
			isa = XCBuildConfiguration;
			buildSettings = {
				ALWAYS_SEARCH_USER_PATHS = NO;
				CLANG_ANALYZER_NONNULL = YES;
				CLANG_ANALYZER_NUMBER_OBJECT_CONVERSION = YES_AGGRESSIVE;
				CLANG_CXX_LANGUAGE_STANDARD = "gnu++14";
				CLANG_CXX_LIBRARY = "libc++";
				CLANG_ENABLE_MODULES = YES;
				CLANG_ENABLE_OBJC_ARC = YES;
				CLANG_ENABLE_OBJC_WEAK = YES;
				CLANG_WARN_BLOCK_CAPTURE_AUTORELEASING = YES;
				CLANG_WARN_BOOL_CONVERSION = YES;
				CLANG_WARN_COMMA = YES;
				CLANG_WARN_CONSTANT_CONVERSION = YES;
				CLANG_WARN_DEPRECATED_OBJC_IMPLEMENTATIONS = YES;
				CLANG_WARN_DIRECT_OBJC_ISA_USAGE = YES_ERROR;
				CLANG_WARN_DOCUMENTATION_COMMENTS = YES;
				CLANG_WARN_EMPTY_BODY = YES;
				CLANG_WARN_ENUM_CONVERSION = YES;
				CLANG_WARN_INFINITE_RECURSION = YES;
				CLANG_WARN_INT_CONVERSION = YES;
				CLANG_WARN_NON_LITERAL_NULL_CONVERSION = YES;
				CLANG_WARN_OBJC_IMPLICIT_RETAIN_SELF = YES;
				CLANG_WARN_OBJC_LITERAL_CONVERSION = YES;
				CLANG_WARN_OBJC_ROOT_CLASS = YES_ERROR;
				CLANG_WARN_RANGE_LOOP_ANALYSIS = YES;
				CLANG_WARN_STRICT_PROTOTYPES = YES;
				CLANG_WARN_SUSPICIOUS_MOVE = YES;
				CLANG_WARN_UNGUARDED_AVAILABILITY = YES_AGGRESSIVE;
				CLANG_WARN_UNREACHABLE_CODE = YES;
				CLANG_WARN__DUPLICATE_METHOD_MATCH = YES;
				CODE_SIGN_IDENTITY = "iPhone Developer";
				COPY_PHASE_STRIP = NO;
				DEBUG_INFORMATION_FORMAT = "dwarf-with-dsym";
				ENABLE_NS_ASSERTIONS = NO;
				ENABLE_STRICT_OBJC_MSGSEND = YES;
				GCC_C_LANGUAGE_STANDARD = gnu11;
				GCC_NO_COMMON_BLOCKS = YES;
				GCC_WARN_64_TO_32_BIT_CONVERSION = YES;
				GCC_WARN_ABOUT_RETURN_TYPE = YES_ERROR;
				GCC_WARN_UNDECLARED_SELECTOR = YES;
				GCC_WARN_UNINITIALIZED_AUTOS = YES_AGGRESSIVE;
				GCC_WARN_UNUSED_FUNCTION = YES;
				GCC_WARN_UNUSED_VARIABLE = YES;
				IPHONEOS_DEPLOYMENT_TARGET = 11.3;
				MTL_ENABLE_DEBUG_INFO = NO;
				SDKROOT = iphoneos;
				SWIFT_COMPILATION_MODE = wholemodule;
				SWIFT_OPTIMIZATION_LEVEL = "-O";
				VALIDATE_PRODUCT = YES;
			};
			name = Release;
		};
		F557E6A02092181D004ECBD8 /* Debug */ = {
			isa = XCBuildConfiguration;
			buildSettings = {
				ASSETCATALOG_COMPILER_APPICON_NAME = AppIcon;
				CODE_SIGN_STYLE = Automatic;
				DEVELOPMENT_TEAM = KKSY22G5PE;
				INFOPLIST_FILE = sfdesignables/Info.plist;
				LD_RUNPATH_SEARCH_PATHS = (
					"$(inherited)",
					"@executable_path/Frameworks",
				);
				PRODUCT_BUNDLE_IDENTIFIER = com.sudofluff.sfdesignables;
				PRODUCT_NAME = "$(TARGET_NAME)";
				SWIFT_VERSION = 4.0;
				TARGETED_DEVICE_FAMILY = "1,2";
			};
			name = Debug;
		};
		F557E6A12092181D004ECBD8 /* Release */ = {
			isa = XCBuildConfiguration;
			buildSettings = {
				ASSETCATALOG_COMPILER_APPICON_NAME = AppIcon;
				CODE_SIGN_STYLE = Automatic;
				DEVELOPMENT_TEAM = KKSY22G5PE;
				INFOPLIST_FILE = sfdesignables/Info.plist;
				LD_RUNPATH_SEARCH_PATHS = (
					"$(inherited)",
					"@executable_path/Frameworks",
				);
				PRODUCT_BUNDLE_IDENTIFIER = com.sudofluff.sfdesignables;
				PRODUCT_NAME = "$(TARGET_NAME)";
				SWIFT_VERSION = 4.0;
				TARGETED_DEVICE_FAMILY = "1,2";
			};
			name = Release;
		};
/* End XCBuildConfiguration section */

/* Begin XCConfigurationList section */
		F557E6882092181A004ECBD8 /* Build configuration list for PBXProject "sfdesignables" */ = {
			isa = XCConfigurationList;
			buildConfigurations = (
				F557E69D2092181D004ECBD8 /* Debug */,
				F557E69E2092181D004ECBD8 /* Release */,
			);
			defaultConfigurationIsVisible = 0;
			defaultConfigurationName = Release;
		};
		F557E69F2092181D004ECBD8 /* Build configuration list for PBXNativeTarget "sfdesignables" */ = {
			isa = XCConfigurationList;
			buildConfigurations = (
				F557E6A02092181D004ECBD8 /* Debug */,
				F557E6A12092181D004ECBD8 /* Release */,
			);
			defaultConfigurationIsVisible = 0;
			defaultConfigurationName = Release;
		};
/* End XCConfigurationList section */
	};
	rootObject = F557E6852092181A004ECBD8 /* Project object */;
}
